
Microsoft Visual Studio Solution File, Format Version 12.00
# Visual Studio Version 16
VisualStudioVersion = 16.0.29215.179
MinimumVisualStudioVersion = 10.0.40219.1
Project("{888888A0-9F3D-457C-B088-3A5042F75D52}") = "miRNA Target prediction - PU OCC", "miRNA Target prediction - PU OCC.pyproj", "{49789FCE-5239-411F-A89D-26A4B329C4E1}"
EndProject
Global
	GlobalSection(SolutionConfigurationPlatforms) = preSolution
		Debug|Any CPU = Debug|Any CPU
		Release|Any CPU = Release|Any CPU
	EndGlobalSection
	GlobalSection(ProjectConfigurationPlatforms) = postSolution
		{49789FCE-5239-411F-A89D-26A4B329C4E1}.Debug|Any CPU.ActiveCfg = Debug|Any CPU
		{49789FCE-5239-411F-A89D-26A4B329C4E1}.Release|Any CPU.ActiveCfg = Release|Any CPU
	EndGlobalSection
	GlobalSection(SolutionProperties) = preSolution
		HideSolutionNode = FALSE
	EndGlobalSection
	GlobalSection(ExtensibilityGlobals) = postSolution
		SolutionGuid = {FA73BC9A-50EF-4233-BE5D-12F96669C159}
	EndGlobalSection
EndGlobal
